
Microsoft Visual Studio Solution File, Format Version 12.00
# Visual Studio Version 17
VisualStudioVersion = 17.4.33122.133
MinimumVisualStudioVersion = 10.0.40219.1
Project("{FAE04EC0-301F-11D3-BF4B-00C04F79EFBC}") = "IRDb", "IRDb.csproj", "{9C138647-D39F-4123-905D-A1FFEB12873A}"
EndProject
Global
	GlobalSection(SolutionConfigurationPlatforms) = preSolution
		Debug|Any CPU = Debug|Any CPU
		Release|Any CPU = Release|Any CPU
	EndGlobalSection
	GlobalSection(ProjectConfigurationPlatforms) = postSolution
		{9C138647-D39F-4123-905D-A1FFEB12873A}.Debug|Any CPU.ActiveCfg = Debug|Any CPU
		{9C138647-D39F-4123-905D-A1FFEB12873A}.Debug|Any CPU.Build.0 = Debug|Any CPU
		{9C138647-D39F-4123-905D-A1FFEB12873A}.Release|Any CPU.ActiveCfg = Release|Any CPU
		{9C138647-D39F-4123-905D-A1FFEB12873A}.Release|Any CPU.Build.0 = Release|Any CPU
	EndGlobalSection
	GlobalSection(SolutionProperties) = preSolution
		HideSolutionNode = FALSE
	EndGlobalSection
	GlobalSection(ExtensibilityGlobals) = postSolution
		SolutionGuid = {3EC67840-0AE8-434F-B3A6-99E2005331C5}
	EndGlobalSection
EndGlobal
